
Microsoft Visual Studio Solution File, Format Version 12.00
# Visual Studio 2012
Project("{FAE04EC0-301F-11D3-BF4B-00C04F79EFBC}") = "Challenge2", "Challenge2\Challenge2.csproj", "{97CB5DD2-A56E-4089-8C87-F87B95628610}"
EndProject
Project("{FAE04EC0-301F-11D3-BF4B-00C04F79EFBC}") = "Challenges2", "..\Challenges2\Challenges2\Challenges2.csproj", "{57F1AE14-21FE-4EDE-B82D-131D943F4AD3}"
EndProject
Global
	GlobalSection(SolutionConfigurationPlatforms) = preSolution
		Debug|Any CPU = Debug|Any CPU
		Release|Any CPU = Release|Any CPU
	EndGlobalSection
	GlobalSection(ProjectConfigurationPlatforms) = postSolution
		{97CB5DD2-A56E-4089-8C87-F87B95628610}.Debug|Any CPU.ActiveCfg = Debug|Any CPU
		{97CB5DD2-A56E-4089-8C87-F87B95628610}.Debug|Any CPU.Build.0 = Debug|Any CPU
		{97CB5DD2-A56E-4089-8C87-F87B95628610}.Release|Any CPU.ActiveCfg = Release|Any CPU
		{97CB5DD2-A56E-4089-8C87-F87B95628610}.Release|Any CPU.Build.0 = Release|Any CPU
		{57F1AE14-21FE-4EDE-B82D-131D943F4AD3}.Debug|Any CPU.ActiveCfg = Debug|Any CPU
		{57F1AE14-21FE-4EDE-B82D-131D943F4AD3}.Debug|Any CPU.Build.0 = Debug|Any CPU
		{57F1AE14-21FE-4EDE-B82D-131D943F4AD3}.Release|Any CPU.ActiveCfg = Release|Any CPU
		{57F1AE14-21FE-4EDE-B82D-131D943F4AD3}.Release|Any CPU.Build.0 = Release|Any CPU
	EndGlobalSection
EndGlobal
